
Microsoft Visual Studio Solution File, Format Version 12.00
# Visual Studio Version 17
VisualStudioVersion = 17.0.31612.314
MinimumVisualStudioVersion = 10.0.40219.1
Project("{FAE04EC0-301F-11D3-BF4B-00C04F79EFBC}") = "XFShellLayoutNoLimit", "XFShellLayoutNoLimit\XFShellLayoutNoLimit\XFShellLayoutNoLimit.csproj", "{6A4F03FE-DA26-4403-A58F-079ED6969122}"
EndProject
Project("{FAE04EC0-301F-11D3-BF4B-00C04F79EFBC}") = "XFShellLayoutNoLimit.Android", "XFShellLayoutNoLimit\XFShellLayoutNoLimit.Android\XFShellLayoutNoLimit.Android.csproj", "{5792697D-CF1C-4F10-8D03-A7166C428421}"
EndProject
Global
	GlobalSection(SolutionConfigurationPlatforms) = preSolution
		Debug|Any CPU = Debug|Any CPU
		Release|Any CPU = Release|Any CPU
	EndGlobalSection
	GlobalSection(ProjectConfigurationPlatforms) = postSolution
		{6A4F03FE-DA26-4403-A58F-079ED6969122}.Debug|Any CPU.ActiveCfg = Debug|Any CPU
		{6A4F03FE-DA26-4403-A58F-079ED6969122}.Debug|Any CPU.Build.0 = Debug|Any CPU
		{6A4F03FE-DA26-4403-A58F-079ED6969122}.Debug|Any CPU.Deploy.0 = Debug|Any CPU
		{6A4F03FE-DA26-4403-A58F-079ED6969122}.Release|Any CPU.ActiveCfg = Release|Any CPU
		{6A4F03FE-DA26-4403-A58F-079ED6969122}.Release|Any CPU.Build.0 = Release|Any CPU
		{6A4F03FE-DA26-4403-A58F-079ED6969122}.Release|Any CPU.Deploy.0 = Release|Any CPU
		{5792697D-CF1C-4F10-8D03-A7166C428421}.Debug|Any CPU.ActiveCfg = Debug|Any CPU
		{5792697D-CF1C-4F10-8D03-A7166C428421}.Debug|Any CPU.Build.0 = Debug|Any CPU
		{5792697D-CF1C-4F10-8D03-A7166C428421}.Debug|Any CPU.Deploy.0 = Debug|Any CPU
		{5792697D-CF1C-4F10-8D03-A7166C428421}.Release|Any CPU.ActiveCfg = Release|Any CPU
		{5792697D-CF1C-4F10-8D03-A7166C428421}.Release|Any CPU.Build.0 = Release|Any CPU
		{5792697D-CF1C-4F10-8D03-A7166C428421}.Release|Any CPU.Deploy.0 = Release|Any CPU
	EndGlobalSection
	GlobalSection(SolutionProperties) = preSolution
		HideSolutionNode = FALSE
	EndGlobalSection
	GlobalSection(ExtensibilityGlobals) = postSolution
		SolutionGuid = {1E4FD23E-8BB3-4A08-B0CA-69D305F103F9}
	EndGlobalSection
EndGlobal
